{
  "version": 4,
  "terraform_version": "1.14.4",
  "serial": 10,
  "lineage": "9630aefc-13bb-c349-8970-78112548891a",
  "outputs": {},
  "resources": [
    {
      "mode": "data",
      "type": "azurerm_resource_group",
      "name": "rg",
      "provider": "provider[\"registry.terraform.io/hashicorp/azurerm\"]",
      "instances": [
        {
          "schema_version": 0,
          "attributes": {
            "id": "/subscriptions/6a034685-0191-48b0-8cdc-c3a9a6c9c969/resourceGroups/rg_sb_eastus_272289_1_177429862190",
            "location": "eastus",
            "managed_by": "",
            "name": "rg_sb_eastus_272289_1_177429862190",
            "tags": {},
            "timeouts": null
          },
          "sensitive_attributes": [],
          "identity_schema_version": 0
        }
      ]
    },
    {
      "mode": "managed",
      "type": "azurerm_linux_virtual_machine",
      "name": "vm",
      "provider": "provider[\"registry.terraform.io/hashicorp/azurerm\"]",
      "instances": [
        {
          "schema_version": 0,
          "attributes": {
            "additional_capabilities": [],
            "admin_password": null,
            "admin_ssh_key": [
              {
                "public_key": "ssh-rsa AAAAB3NzaC1yc2EAAAADAQABAAACAQDIxTqcjlYtPHKxQMfiyTmHhDHz+F0PP9G4NIdCLigtF0MZUWgM9N8Jbbue5u0Rhd4jK2PaBZjbhA+ZszBT7CZAgrLigwyDe/fVDxyPATxOP/BSHPoo1ebh0iuIuFIypP+nLbPyqto5vrq1fC07jdZiMYO0zIVOP7hJG5mZib5VzB60v1hPqm8t/5CkFbFbeaNhDNNf2+L864FO8Hl3MVG7FErYVGxB/61giz4JFpDoLMFZKcPsgPMaRvB9pLcG6+RcbA550H7WQGZAJcVNdQyCO8Wqb8HfIubIHyCWMUvas+2iLhyy+huY6X6xp32ul/CGgVUKSzxpqmjoIsdBqfHebcbaeqiZUG21xFFh355NyhuqUtug+gmf0ukAzQGecPmJ2FpSnTcZ02s7Xf7dOYtoRE83RS0L2fHEZZrok+qfHtIQewBS7HtvJGVkjDZOADzqdiiSmFs2RZhi0k6wptBIq96qDLujjH+OL+Jcg6kYdi+wAVZO44LJnuXfFejOkrQg95+cVhE+TbDrLeeGywbs/sLRYN7U4MWzd5GIGx9tpt+2cSOD1MkaOeUWUqqNMGSZRWEUrPQaQ4yBlKBOH2w5l7MFl2aMLam64Xx+vmhO5Zrms9WOGIuDAU8yqxN19VwRUs63a1uPtASr8mCO2cmxPQK/dqIZAxd+SwzuN0C25w== infin@MainPC",
                "username": "azureuser"
              }
            ],
            "admin_username": "azureuser",
            "allow_extension_operations": true,
            "availability_set_id": "",
            "boot_diagnostics": [],
            "bypass_platform_safety_checks_on_user_schedule_enabled": false,
            "capacity_reservation_group_id": "",
            "computer_name": "vm-hello",
            "custom_data": null,
            "dedicated_host_group_id": "",
            "dedicated_host_id": "",
            "disable_password_authentication": true,
            "disk_controller_type": "",
            "edge_zone": "",
            "encryption_at_host_enabled": false,
            "eviction_policy": "",
            "extensions_time_budget": "PT1H30M",
            "gallery_application": [],
            "id": "/subscriptions/6a034685-0191-48b0-8cdc-c3a9a6c9c969/resourceGroups/rg_sb_eastus_272289_1_177429862190/providers/Microsoft.Compute/virtualMachines/vm-hello",
            "identity": [],
            "license_type": "",
            "location": "eastus",
            "max_bid_price": -1,
            "name": "vm-hello",
            "network_interface_ids": [
              "/subscriptions/6a034685-0191-48b0-8cdc-c3a9a6c9c969/resourceGroups/rg_sb_eastus_272289_1_177429862190/providers/Microsoft.Network/networkInterfaces/nic-hello-vm"
            ],
            "os_disk": [
              {
                "caching": "ReadWrite",
                "diff_disk_settings": [],
                "disk_encryption_set_id": "",
                "disk_size_gb": 30,
                "name": "vm-hello_disk1_c242451b8a024eb496f3151232a3b5de",
                "secure_vm_disk_encryption_set_id": "",
                "security_encryption_type": "",
                "storage_account_type": "Standard_LRS",
                "write_accelerator_enabled": false
              }
            ],
            "os_image_notification": [],
            "patch_assessment_mode": "ImageDefault",
            "patch_mode": "ImageDefault",
            "plan": [],
            "platform_fault_domain": -1,
            "priority": "Regular",
            "private_ip_address": "10.0.1.4",
            "private_ip_addresses": [
              "10.0.1.4"
            ],
            "provision_vm_agent": true,
            "proximity_placement_group_id": "",
            "public_ip_address": "20.124.187.229",
            "public_ip_addresses": [
              "20.124.187.229"
            ],
            "reboot_setting": "",
            "resource_group_name": "rg_sb_eastus_272289_1_177429862190",
            "secret": [],
            "secure_boot_enabled": false,
            "size": "Standard_B1s",
            "source_image_id": "",
            "source_image_reference": [
              {
                "offer": "0001-com-ubuntu-server-jammy",
                "publisher": "Canonical",
                "sku": "22_04-lts",
                "version": "latest"
              }
            ],
            "tags": null,
            "termination_notification": null,
            "timeouts": null,
            "user_data": "",
            "virtual_machine_id": "7a970035-3e8e-46ae-a296-1c8d073504d7",
            "virtual_machine_scale_set_id": "",
            "vm_agent_platform_updates_enabled": false,
            "vtpm_enabled": false,
            "zone": ""
          },
          "sensitive_attributes": [
            [
              {
                "type": "get_attr",
                "value": "admin_password"
              }
            ],
            [
              {
                "type": "get_attr",
                "value": "admin_ssh_key"
              }
            ],
            [
              {
                "type": "get_attr",
                "value": "custom_data"
              }
            ]
          ],
          "identity_schema_version": 0,
          "private": "eyJlMmJmYjczMC1lY2FhLTExZTYtOGY4OC0zNDM2M2JjN2M0YzAiOnsiY3JlYXRlIjoyNzAwMDAwMDAwMDAwLCJkZWxldGUiOjI3MDAwMDAwMDAwMDAsInJlYWQiOjMwMDAwMDAwMDAwMCwidXBkYXRlIjoyNzAwMDAwMDAwMDAwfX0=",
          "dependencies": [
            "azurerm_network_interface.nic",
            "azurerm_public_ip.pip",
            "azurerm_subnet.subnet",
            "azurerm_virtual_network.vnet",
            "data.azurerm_resource_group.rg"
          ]
        }
      ]
    },
    {
      "mode": "managed",
      "type": "azurerm_network_interface",
      "name": "nic",
      "provider": "provider[\"registry.terraform.io/hashicorp/azurerm\"]",
      "instances": [
        {
          "schema_version": 0,
          "attributes": {
            "accelerated_networking_enabled": false,
            "applied_dns_servers": [],
            "auxiliary_mode": "",
            "auxiliary_sku": "",
            "dns_servers": [],
            "edge_zone": "",
            "enable_accelerated_networking": false,
            "enable_ip_forwarding": false,
            "id": "/subscriptions/6a034685-0191-48b0-8cdc-c3a9a6c9c969/resourceGroups/rg_sb_eastus_272289_1_177429862190/providers/Microsoft.Network/networkInterfaces/nic-hello-vm",
            "internal_dns_name_label": "",
            "internal_domain_name_suffix": "xh23p1j1tcuureeia1wd5kkk5c.bx.internal.cloudapp.net",
            "ip_configuration": [
              {
                "gateway_load_balancer_frontend_ip_configuration_id": "",
                "name": "internal",
                "primary": true,
                "private_ip_address": "10.0.1.4",
                "private_ip_address_allocation": "Dynamic",
                "private_ip_address_version": "IPv4",
                "public_ip_address_id": "/subscriptions/6a034685-0191-48b0-8cdc-c3a9a6c9c969/resourceGroups/rg_sb_eastus_272289_1_177429862190/providers/Microsoft.Network/publicIPAddresses/pip-hello-vm",
                "subnet_id": "/subscriptions/6a034685-0191-48b0-8cdc-c3a9a6c9c969/resourceGroups/rg_sb_eastus_272289_1_177429862190/providers/Microsoft.Network/virtualNetworks/vnet-hello-vm/subnets/subnet-hello-vm"
              }
            ],
            "ip_forwarding_enabled": false,
            "location": "eastus",
            "mac_address": "",
            "name": "nic-hello-vm",
            "private_ip_address": "10.0.1.4",
            "private_ip_addresses": [
              "10.0.1.4"
            ],
            "resource_group_name": "rg_sb_eastus_272289_1_177429862190",
            "tags": null,
            "timeouts": null,
            "virtual_machine_id": ""
          },
          "sensitive_attributes": [],
          "identity_schema_version": 0,
          "private": "eyJlMmJmYjczMC1lY2FhLTExZTYtOGY4OC0zNDM2M2JjN2M0YzAiOnsiY3JlYXRlIjoxODAwMDAwMDAwMDAwLCJkZWxldGUiOjE4MDAwMDAwMDAwMDAsInJlYWQiOjMwMDAwMDAwMDAwMCwidXBkYXRlIjoxODAwMDAwMDAwMDAwfX0=",
          "dependencies": [
            "azurerm_public_ip.pip",
            "azurerm_subnet.subnet",
            "azurerm_virtual_network.vnet",
            "data.azurerm_resource_group.rg"
          ]
        }
      ]
    },
    {
      "mode": "managed",
      "type": "azurerm_network_interface_security_group_association",
      "name": "nsg_assoc",
      "provider": "provider[\"registry.terraform.io/hashicorp/azurerm\"]",
      "instances": [
        {
          "schema_version": 0,
          "attributes": {
            "id": "/subscriptions/6a034685-0191-48b0-8cdc-c3a9a6c9c969/resourceGroups/rg_sb_eastus_272289_1_177429862190/providers/Microsoft.Network/networkInterfaces/nic-hello-vm|/subscriptions/6a034685-0191-48b0-8cdc-c3a9a6c9c969/resourceGroups/rg_sb_eastus_272289_1_177429862190/providers/Microsoft.Network/networkSecurityGroups/nsg-hello-vm",
            "network_interface_id": "/subscriptions/6a034685-0191-48b0-8cdc-c3a9a6c9c969/resourceGroups/rg_sb_eastus_272289_1_177429862190/providers/Microsoft.Network/networkInterfaces/nic-hello-vm",
            "network_security_group_id": "/subscriptions/6a034685-0191-48b0-8cdc-c3a9a6c9c969/resourceGroups/rg_sb_eastus_272289_1_177429862190/providers/Microsoft.Network/networkSecurityGroups/nsg-hello-vm",
            "timeouts": null
          },
          "sensitive_attributes": [],
          "identity_schema_version": 0,
          "private": "eyJlMmJmYjczMC1lY2FhLTExZTYtOGY4OC0zNDM2M2JjN2M0YzAiOnsiY3JlYXRlIjoxODAwMDAwMDAwMDAwLCJkZWxldGUiOjE4MDAwMDAwMDAwMDAsInJlYWQiOjMwMDAwMDAwMDAwMH19",
          "dependencies": [
            "azurerm_network_interface.nic",
            "azurerm_network_security_group.nsg",
            "azurerm_public_ip.pip",
            "azurerm_subnet.subnet",
            "azurerm_virtual_network.vnet",
            "data.azurerm_resource_group.rg"
          ]
        }
      ]
    },
    {
      "mode": "managed",
      "type": "azurerm_network_security_group",
      "name": "nsg",
      "provider": "provider[\"registry.terraform.io/hashicorp/azurerm\"]",
      "instances": [
        {
          "schema_version": 0,
          "attributes": {
            "id": "/subscriptions/6a034685-0191-48b0-8cdc-c3a9a6c9c969/resourceGroups/rg_sb_eastus_272289_1_177429862190/providers/Microsoft.Network/networkSecurityGroups/nsg-hello-vm",
            "location": "eastus",
            "name": "nsg-hello-vm",
            "resource_group_name": "rg_sb_eastus_272289_1_177429862190",
            "security_rule": [
              {
                "access": "Allow",
                "description": "",
                "destination_address_prefix": "*",
                "destination_address_prefixes": [],
                "destination_application_security_group_ids": [],
                "destination_port_range": "22",
                "destination_port_ranges": [],
                "direction": "Inbound",
                "name": "allow-ssh",
                "priority": 100,
                "protocol": "Tcp",
                "source_address_prefix": "*",
                "source_address_prefixes": [],
                "source_application_security_group_ids": [],
                "source_port_range": "*",
                "source_port_ranges": []
              }
            ],
            "tags": {},
            "timeouts": null
          },
          "sensitive_attributes": [],
          "identity_schema_version": 0,
          "private": "eyJlMmJmYjczMC1lY2FhLTExZTYtOGY4OC0zNDM2M2JjN2M0YzAiOnsiY3JlYXRlIjoxODAwMDAwMDAwMDAwLCJkZWxldGUiOjE4MDAwMDAwMDAwMDAsInJlYWQiOjMwMDAwMDAwMDAwMCwidXBkYXRlIjoxODAwMDAwMDAwMDAwfX0=",
          "dependencies": [
            "data.azurerm_resource_group.rg"
          ]
        }
      ]
    },
    {
      "mode": "managed",
      "type": "azurerm_public_ip",
      "name": "pip",
      "provider": "provider[\"registry.terraform.io/hashicorp/azurerm\"]",
      "instances": [
        {
          "schema_version": 0,
          "attributes": {
            "allocation_method": "Static",
            "ddos_protection_mode": "VirtualNetworkInherited",
            "ddos_protection_plan_id": null,
            "domain_name_label": null,
            "edge_zone": "",
            "fqdn": null,
            "id": "/subscriptions/6a034685-0191-48b0-8cdc-c3a9a6c9c969/resourceGroups/rg_sb_eastus_272289_1_177429862190/providers/Microsoft.Network/publicIPAddresses/pip-hello-vm",
            "idle_timeout_in_minutes": 4,
            "ip_address": "20.124.187.229",
            "ip_tags": null,
            "ip_version": "IPv4",
            "location": "eastus",
            "name": "pip-hello-vm",
            "public_ip_prefix_id": null,
            "resource_group_name": "rg_sb_eastus_272289_1_177429862190",
            "reverse_fqdn": null,
            "sku": "Standard",
            "sku_tier": "Regional",
            "tags": null,
            "timeouts": null,
            "zones": null
          },
          "sensitive_attributes": [],
          "identity_schema_version": 0,
          "private": "eyJlMmJmYjczMC1lY2FhLTExZTYtOGY4OC0zNDM2M2JjN2M0YzAiOnsiY3JlYXRlIjoxODAwMDAwMDAwMDAwLCJkZWxldGUiOjE4MDAwMDAwMDAwMDAsInJlYWQiOjMwMDAwMDAwMDAwMCwidXBkYXRlIjoxODAwMDAwMDAwMDAwfX0=",
          "dependencies": [
            "data.azurerm_resource_group.rg"
          ]
        }
      ]
    },
    {
      "mode": "managed",
      "type": "azurerm_subnet",
      "name": "subnet",
      "provider": "provider[\"registry.terraform.io/hashicorp/azurerm\"]",
      "instances": [
        {
          "schema_version": 0,
          "attributes": {
            "address_prefixes": [
              "10.0.1.0/24"
            ],
            "default_outbound_access_enabled": true,
            "delegation": [],
            "enforce_private_link_endpoint_network_policies": false,
            "enforce_private_link_service_network_policies": false,
            "id": "/subscriptions/6a034685-0191-48b0-8cdc-c3a9a6c9c969/resourceGroups/rg_sb_eastus_272289_1_177429862190/providers/Microsoft.Network/virtualNetworks/vnet-hello-vm/subnets/subnet-hello-vm",
            "name": "subnet-hello-vm",
            "private_endpoint_network_policies": "Enabled",
            "private_endpoint_network_policies_enabled": true,
            "private_link_service_network_policies_enabled": true,
            "resource_group_name": "rg_sb_eastus_272289_1_177429862190",
            "service_endpoint_policy_ids": [],
            "service_endpoints": [],
            "timeouts": null,
            "virtual_network_name": "vnet-hello-vm"
          },
          "sensitive_attributes": [],
          "identity_schema_version": 0,
          "private": "eyJlMmJmYjczMC1lY2FhLTExZTYtOGY4OC0zNDM2M2JjN2M0YzAiOnsiY3JlYXRlIjoxODAwMDAwMDAwMDAwLCJkZWxldGUiOjE4MDAwMDAwMDAwMDAsInJlYWQiOjMwMDAwMDAwMDAwMCwidXBkYXRlIjoxODAwMDAwMDAwMDAwfX0=",
          "dependencies": [
            "azurerm_virtual_network.vnet",
            "data.azurerm_resource_group.rg"
          ]
        }
      ]
    },
    {
      "mode": "managed",
      "type": "azurerm_virtual_network",
      "name": "vnet",
      "provider": "provider[\"registry.terraform.io/hashicorp/azurerm\"]",
      "instances": [
        {
          "schema_version": 0,
          "attributes": {
            "address_space": [
              "10.0.0.0/16"
            ],
            "bgp_community": "",
            "ddos_protection_plan": [],
            "dns_servers": [],
            "edge_zone": "",
            "encryption": [],
            "flow_timeout_in_minutes": 0,
            "guid": "edd7f9b9-983b-48a9-9088-06ec3fa94afa",
            "id": "/subscriptions/6a034685-0191-48b0-8cdc-c3a9a6c9c969/resourceGroups/rg_sb_eastus_272289_1_177429862190/providers/Microsoft.Network/virtualNetworks/vnet-hello-vm",
            "location": "eastus",
            "name": "vnet-hello-vm",
            "resource_group_name": "rg_sb_eastus_272289_1_177429862190",
            "subnet": [
              {
                "address_prefix": "10.0.1.0/24",
                "id": "/subscriptions/6a034685-0191-48b0-8cdc-c3a9a6c9c969/resourceGroups/rg_sb_eastus_272289_1_177429862190/providers/Microsoft.Network/virtualNetworks/vnet-hello-vm/subnets/subnet-hello-vm",
                "name": "subnet-hello-vm",
                "security_group": ""
              }
            ],
            "tags": {},
            "timeouts": null
          },
          "sensitive_attributes": [],
          "identity_schema_version": 0,
          "private": "eyJlMmJmYjczMC1lY2FhLTExZTYtOGY4OC0zNDM2M2JjN2M0YzAiOnsiY3JlYXRlIjoxODAwMDAwMDAwMDAwLCJkZWxldGUiOjE4MDAwMDAwMDAwMDAsInJlYWQiOjMwMDAwMDAwMDAwMCwidXBkYXRlIjoxODAwMDAwMDAwMDAwfX0=",
          "dependencies": [
            "data.azurerm_resource_group.rg"
          ]
        }
      ]
    }
  ],
  "check_results": null
}
